
Microsoft Visual Studio Solution File, Format Version 12.00
# Visual Studio 14
VisualStudioVersion = 14.0.23107.0
MinimumVisualStudioVersion = 10.0.40219.1
Project("{F2A71F9B-5D33-465A-A702-920D77279786}") = "Chapter03", "Chapter3\Chapter03.fsproj", "{344F965B-1C69-4310-80B3-D0130DE0624B}"
EndProject
Project("{F2A71F9B-5D33-465A-A702-920D77279786}") = "Chapter04", "Chapter4\Chapter04.fsproj", "{8C0FD413-EC61-4096-AE41-7F3748FFC662}"
EndProject
Project("{F2A71F9B-5D33-465A-A702-920D77279786}") = "Chapter05", "Chapter5\Chapter05.fsproj", "{D8C37671-F3B5-4240-9FED-81B0AB89C1B6}"
EndProject
Project("{F2A71F9B-5D33-465A-A702-920D77279786}") = "Chapter06", "Chapter6\Chapter06.fsproj", "{C1551736-216F-43EE-9C85-5C0D7E97A63E}"
EndProject
Project("{F2A71F9B-5D33-465A-A702-920D77279786}") = "Chapter07", "Chapter7\Chapter07.fsproj", "{C9619648-AEB4-42A0-81F1-868E4AAC50F5}"
EndProject
Project("{F2A71F9B-5D33-465A-A702-920D77279786}") = "Chapter08ConsoleApp", "Chapter8\Chapter08ConsoleApp.fsproj", "{62948BB4-EAE2-4AD7-B37C-7F720EE6C9F1}"
EndProject
Project("{F2A71F9B-5D33-465A-A702-920D77279786}") = "Chapter08FSI", "Chapter8FSI\Chapter08FSI.fsproj", "{A0221E4A-0E3F-4D32-8717-2A33481DF5D8}"
EndProject
Project("{F2A71F9B-5D33-465A-A702-920D77279786}") = "Chapter08ConsoleApp2", "Chapter8ConsoleApp2\Chapter08ConsoleApp2.fsproj", "{D7A5EBB5-7D41-4F33-9637-1FE2D64C853E}"
EndProject
Project("{F2A71F9B-5D33-465A-A702-920D77279786}") = "Chapter08ConsoleApp3", "Chapter8ConsoleApp3\Chapter08ConsoleApp3.fsproj", "{D2B0272A-A1F9-4EA3-B09C-34F89D63E070}"
EndProject
Project("{F2A71F9B-5D33-465A-A702-920D77279786}") = "Chapter08ConsoleApp4", "Chapter8ConsoleApp4\Chapter08ConsoleApp4.fsproj", "{7889ADFF-9A21-47AB-977F-D18ECC3DA292}"
EndProject
Project("{F2A71F9B-5D33-465A-A702-920D77279786}") = "Chapter08ConsoleApp5", "Chapter8ConsoleApp5\Chapter08ConsoleApp5.fsproj", "{6B8FE448-2F0F-468D-B51B-BCA122DE248B}"
EndProject
Project("{F2A71F9B-5D33-465A-A702-920D77279786}") = "Chapter08ConsoleApp6", "Chapter8ConsoleApp6\Chapter08ConsoleApp6.fsproj", "{8A55AF27-0641-4F44-A4DF-4D63751A8A3D}"
EndProject
Project("{F2A71F9B-5D33-465A-A702-920D77279786}") = "Chapter08ConsoleApp7", "Chapter8ConsoleApp7\Chapter08ConsoleApp7.fsproj", "{7D8F8B57-EB7E-46BA-996F-93177EFD37E5}"
EndProject
Project("{F2A71F9B-5D33-465A-A702-920D77279786}") = "Chapter09", "Chapter9\Chapter09.fsproj", "{BFAD5AED-E915-4B1F-8927-0C31995FB6D8}"
EndProject
Project("{F2A71F9B-5D33-465A-A702-920D77279786}") = "Chapter10", "Chapter10\Chapter10.fsproj", "{D6DA1BB5-11A7-4E1C-8F00-F2E75B0B6679}"
EndProject
Project("{F2A71F9B-5D33-465A-A702-920D77279786}") = "Chapter10ConsoleApplication", "Chapter10ConsoleApplication\Chapter10ConsoleApplication.fsproj", "{00D681FF-EF05-4D7F-A761-3A4AA1457480}"
EndProject
Project("{F2A71F9B-5D33-465A-A702-920D77279786}") = "Chapter10MVC5", "Chapter10MVC5\Chapter10MVC5.fsproj", "{8D873721-26D5-48CC-84FD-7EBFF125F978}"
EndProject
Project("{F2A71F9B-5D33-465A-A702-920D77279786}") = "Chapter10MVC5_Shortener", "Chapter10MVC5_Shortener\Chapter10MVC5_Shortener.fsproj", "{C805F3F4-5AD9-49E9-8DB3-61DC1EF7913E}"
EndProject
Project("{F2A71F9B-5D33-465A-A702-920D77279786}") = "Chapter11ConsoleApp", "Chapter11ConsoleApp\Chapter11ConsoleApp.fsproj", "{7D39BF7A-C381-4481-AA3D-25DFE6C25006}"
EndProject
Project("{F2A71F9B-5D33-465A-A702-920D77279786}") = "Chapter11ConsoleApp2", "Chapter11ConsoleApp2\Chapter11ConsoleApp2.fsproj", "{344D119A-23B4-4006-A061-0195C2AA7532}"
EndProject
Project("{F2A71F9B-5D33-465A-A702-920D77279786}") = "Chapter11", "Chapter11\Chapter11.fsproj", "{42D637BC-96D3-47C7-864C-D151F91D956D}"
EndProject
Project("{F2A71F9B-5D33-465A-A702-920D77279786}") = "Chapter12", "Chapter12\Chapter12.fsproj", "{59F12E38-0E51-4501-8E33-1E0B1EAD5E36}"
EndProject
Project("{FAE04EC0-301F-11D3-BF4B-00C04F79EFBC}") = "Chapter12CSharp", "Chapter12CSharp\Chapter12CSharp.csproj", "{490504C0-A1A8-4560-AD63-E611134ED7FA}"
EndProject
Project("{FAE04EC0-301F-11D3-BF4B-00C04F79EFBC}") = "Chapter12CSharpConsoleApp", "Chapter12CSharpConsoleApp\Chapter12CSharpConsoleApp.csproj", "{8B37CAF6-6EFD-47C0-A029-90B955563873}"
EndProject
Project("{FAE04EC0-301F-11D3-BF4B-00C04F79EFBC}") = "Chapter12CSharpConsoleApp2", "Chapter12CSharpConsoleApp2\Chapter12CSharpConsoleApp2.csproj", "{2E83C593-51C6-4154-99D5-E6E6894D5BD6}"
EndProject
Project("{F2A71F9B-5D33-465A-A702-920D77279786}") = "Chapter12COM", "Chapter12COM\Chapter12COM.fsproj", "{77FAE3EA-369B-4EC8-AC55-14AE08F9383D}"
EndProject
Project("{F2A71F9B-5D33-465A-A702-920D77279786}") = "Chapter13", "Chapter13\Chapter13.fsproj", "{B6FE132F-3B63-4DF0-919A-DEE38D2EDA1E}"
EndProject
Global
	GlobalSection(SolutionConfigurationPlatforms) = preSolution
		Debug|Any CPU = Debug|Any CPU
		Debug|x64 = Debug|x64
		Debug|x86 = Debug|x86
		Release|Any CPU = Release|Any CPU
		Release|x64 = Release|x64
		Release|x86 = Release|x86
	EndGlobalSection
	GlobalSection(ProjectConfigurationPlatforms) = postSolution
		{344F965B-1C69-4310-80B3-D0130DE0624B}.Debug|Any CPU.ActiveCfg = Debug|Any CPU
		{344F965B-1C69-4310-80B3-D0130DE0624B}.Debug|Any CPU.Build.0 = Debug|Any CPU
		{344F965B-1C69-4310-80B3-D0130DE0624B}.Debug|x64.ActiveCfg = Debug|Any CPU
		{344F965B-1C69-4310-80B3-D0130DE0624B}.Debug|x64.Build.0 = Debug|Any CPU
		{344F965B-1C69-4310-80B3-D0130DE0624B}.Debug|x86.ActiveCfg = Debug|Any CPU
		{344F965B-1C69-4310-80B3-D0130DE0624B}.Debug|x86.Build.0 = Debug|Any CPU
		{344F965B-1C69-4310-80B3-D0130DE0624B}.Release|Any CPU.ActiveCfg = Release|Any CPU
		{344F965B-1C69-4310-80B3-D0130DE0624B}.Release|Any CPU.Build.0 = Release|Any CPU
		{344F965B-1C69-4310-80B3-D0130DE0624B}.Release|x64.ActiveCfg = Release|Any CPU
		{344F965B-1C69-4310-80B3-D0130DE0624B}.Release|x64.Build.0 = Release|Any CPU
		{344F965B-1C69-4310-80B3-D0130DE0624B}.Release|x86.ActiveCfg = Release|Any CPU
		{344F965B-1C69-4310-80B3-D0130DE0624B}.Release|x86.Build.0 = Release|Any CPU
		{8C0FD413-EC61-4096-AE41-7F3748FFC662}.Debug|Any CPU.ActiveCfg = Debug|Any CPU
		{8C0FD413-EC61-4096-AE41-7F3748FFC662}.Debug|Any CPU.Build.0 = Debug|Any CPU
		{8C0FD413-EC61-4096-AE41-7F3748FFC662}.Debug|x64.ActiveCfg = Debug|Any CPU
		{8C0FD413-EC61-4096-AE41-7F3748FFC662}.Debug|x64.Build.0 = Debug|Any CPU
		{8C0FD413-EC61-4096-AE41-7F3748FFC662}.Debug|x86.ActiveCfg = Debug|Any CPU
		{8C0FD413-EC61-4096-AE41-7F3748FFC662}.Debug|x86.Build.0 = Debug|Any CPU
		{8C0FD413-EC61-4096-AE41-7F3748FFC662}.Release|Any CPU.ActiveCfg = Release|Any CPU
		{8C0FD413-EC61-4096-AE41-7F3748FFC662}.Release|Any CPU.Build.0 = Release|Any CPU
		{8C0FD413-EC61-4096-AE41-7F3748FFC662}.Release|x64.ActiveCfg = Release|Any CPU
		{8C0FD413-EC61-4096-AE41-7F3748FFC662}.Release|x64.Build.0 = Release|Any CPU
		{8C0FD413-EC61-4096-AE41-7F3748FFC662}.Release|x86.ActiveCfg = Release|Any CPU
		{8C0FD413-EC61-4096-AE41-7F3748FFC662}.Release|x86.Build.0 = Release|Any CPU
		{D8C37671-F3B5-4240-9FED-81B0AB89C1B6}.Debug|Any CPU.ActiveCfg = Debug|Any CPU
		{D8C37671-F3B5-4240-9FED-81B0AB89C1B6}.Debug|Any CPU.Build.0 = Debug|Any CPU
		{D8C37671-F3B5-4240-9FED-81B0AB89C1B6}.Debug|x64.ActiveCfg = Debug|Any CPU
		{D8C37671-F3B5-4240-9FED-81B0AB89C1B6}.Debug|x64.Build.0 = Debug|Any CPU
		{D8C37671-F3B5-4240-9FED-81B0AB89C1B6}.Debug|x86.ActiveCfg = Debug|Any CPU
		{D8C37671-F3B5-4240-9FED-81B0AB89C1B6}.Debug|x86.Build.0 = Debug|Any CPU
		{D8C37671-F3B5-4240-9FED-81B0AB89C1B6}.Release|Any CPU.ActiveCfg = Release|Any CPU
		{D8C37671-F3B5-4240-9FED-81B0AB89C1B6}.Release|Any CPU.Build.0 = Release|Any CPU
		{D8C37671-F3B5-4240-9FED-81B0AB89C1B6}.Release|x64.ActiveCfg = Release|Any CPU
		{D8C37671-F3B5-4240-9FED-81B0AB89C1B6}.Release|x64.Build.0 = Release|Any CPU
		{D8C37671-F3B5-4240-9FED-81B0AB89C1B6}.Release|x86.ActiveCfg = Release|Any CPU
		{D8C37671-F3B5-4240-9FED-81B0AB89C1B6}.Release|x86.Build.0 = Release|Any CPU
		{C1551736-216F-43EE-9C85-5C0D7E97A63E}.Debug|Any CPU.ActiveCfg = Debug|Any CPU
		{C1551736-216F-43EE-9C85-5C0D7E97A63E}.Debug|Any CPU.Build.0 = Debug|Any CPU
		{C1551736-216F-43EE-9C85-5C0D7E97A63E}.Debug|x64.ActiveCfg = Debug|Any CPU
		{C1551736-216F-43EE-9C85-5C0D7E97A63E}.Debug|x64.Build.0 = Debug|Any CPU
		{C1551736-216F-43EE-9C85-5C0D7E97A63E}.Debug|x86.ActiveCfg = Debug|Any CPU
		{C1551736-216F-43EE-9C85-5C0D7E97A63E}.Debug|x86.Build.0 = Debug|Any CPU
		{C1551736-216F-43EE-9C85-5C0D7E97A63E}.Release|Any CPU.ActiveCfg = Release|Any CPU
		{C1551736-216F-43EE-9C85-5C0D7E97A63E}.Release|Any CPU.Build.0 = Release|Any CPU
		{C1551736-216F-43EE-9C85-5C0D7E97A63E}.Release|x64.ActiveCfg = Release|Any CPU
		{C1551736-216F-43EE-9C85-5C0D7E97A63E}.Release|x64.Build.0 = Release|Any CPU
		{C1551736-216F-43EE-9C85-5C0D7E97A63E}.Release|x86.ActiveCfg = Release|Any CPU
		{C1551736-216F-43EE-9C85-5C0D7E97A63E}.Release|x86.Build.0 = Release|Any CPU
		{C9619648-AEB4-42A0-81F1-868E4AAC50F5}.Debug|Any CPU.ActiveCfg = Debug|Any CPU
		{C9619648-AEB4-42A0-81F1-868E4AAC50F5}.Debug|Any CPU.Build.0 = Debug|Any CPU
		{C9619648-AEB4-42A0-81F1-868E4AAC50F5}.Debug|x64.ActiveCfg = Debug|Any CPU
		{C9619648-AEB4-42A0-81F1-868E4AAC50F5}.Debug|x64.Build.0 = Debug|Any CPU
		{C9619648-AEB4-42A0-81F1-868E4AAC50F5}.Debug|x86.ActiveCfg = Debug|Any CPU
		{C9619648-AEB4-42A0-81F1-868E4AAC50F5}.Debug|x86.Build.0 = Debug|Any CPU
		{C9619648-AEB4-42A0-81F1-868E4AAC50F5}.Release|Any CPU.ActiveCfg = Release|Any CPU
		{C9619648-AEB4-42A0-81F1-868E4AAC50F5}.Release|Any CPU.Build.0 = Release|Any CPU
		{C9619648-AEB4-42A0-81F1-868E4AAC50F5}.Release|x64.ActiveCfg = Release|Any CPU
		{C9619648-AEB4-42A0-81F1-868E4AAC50F5}.Release|x64.Build.0 = Release|Any CPU
		{C9619648-AEB4-42A0-81F1-868E4AAC50F5}.Release|x86.ActiveCfg = Release|Any CPU
		{C9619648-AEB4-42A0-81F1-868E4AAC50F5}.Release|x86.Build.0 = Release|Any CPU
		{62948BB4-EAE2-4AD7-B37C-7F720EE6C9F1}.Debug|Any CPU.ActiveCfg = Debug|Any CPU
		{62948BB4-EAE2-4AD7-B37C-7F720EE6C9F1}.Debug|Any CPU.Build.0 = Debug|Any CPU
		{62948BB4-EAE2-4AD7-B37C-7F720EE6C9F1}.Debug|x64.ActiveCfg = Debug|Any CPU
		{62948BB4-EAE2-4AD7-B37C-7F720EE6C9F1}.Debug|x64.Build.0 = Debug|Any CPU
		{62948BB4-EAE2-4AD7-B37C-7F720EE6C9F1}.Debug|x86.ActiveCfg = Debug|Any CPU
		{62948BB4-EAE2-4AD7-B37C-7F720EE6C9F1}.Debug|x86.Build.0 = Debug|Any CPU
		{62948BB4-EAE2-4AD7-B37C-7F720EE6C9F1}.Release|Any CPU.ActiveCfg = Release|Any CPU
		{62948BB4-EAE2-4AD7-B37C-7F720EE6C9F1}.Release|Any CPU.Build.0 = Release|Any CPU
		{62948BB4-EAE2-4AD7-B37C-7F720EE6C9F1}.Release|x64.ActiveCfg = Release|Any CPU
		{62948BB4-EAE2-4AD7-B37C-7F720EE6C9F1}.Release|x64.Build.0 = Release|Any CPU
		{62948BB4-EAE2-4AD7-B37C-7F720EE6C9F1}.Release|x86.ActiveCfg = Release|Any CPU
		{62948BB4-EAE2-4AD7-B37C-7F720EE6C9F1}.Release|x86.Build.0 = Release|Any CPU
		{A0221E4A-0E3F-4D32-8717-2A33481DF5D8}.Debug|Any CPU.ActiveCfg = Debug|Any CPU
		{A0221E4A-0E3F-4D32-8717-2A33481DF5D8}.Debug|Any CPU.Build.0 = Debug|Any CPU
		{A0221E4A-0E3F-4D32-8717-2A33481DF5D8}.Debug|x64.ActiveCfg = Debug|Any CPU
		{A0221E4A-0E3F-4D32-8717-2A33481DF5D8}.Debug|x64.Build.0 = Debug|Any CPU
		{A0221E4A-0E3F-4D32-8717-2A33481DF5D8}.Debug|x86.ActiveCfg = Debug|Any CPU
		{A0221E4A-0E3F-4D32-8717-2A33481DF5D8}.Debug|x86.Build.0 = Debug|Any CPU
		{A0221E4A-0E3F-4D32-8717-2A33481DF5D8}.Release|Any CPU.ActiveCfg = Release|Any CPU
		{A0221E4A-0E3F-4D32-8717-2A33481DF5D8}.Release|Any CPU.Build.0 = Release|Any CPU
		{A0221E4A-0E3F-4D32-8717-2A33481DF5D8}.Release|x64.ActiveCfg = Release|Any CPU
		{A0221E4A-0E3F-4D32-8717-2A33481DF5D8}.Release|x64.Build.0 = Release|Any CPU
		{A0221E4A-0E3F-4D32-8717-2A33481DF5D8}.Release|x86.ActiveCfg = Release|Any CPU
		{A0221E4A-0E3F-4D32-8717-2A33481DF5D8}.Release|x86.Build.0 = Release|Any CPU
		{D7A5EBB5-7D41-4F33-9637-1FE2D64C853E}.Debug|Any CPU.ActiveCfg = Debug|Any CPU
		{D7A5EBB5-7D41-4F33-9637-1FE2D64C853E}.Debug|Any CPU.Build.0 = Debug|Any CPU
		{D7A5EBB5-7D41-4F33-9637-1FE2D64C853E}.Debug|x64.ActiveCfg = Debug|Any CPU
		{D7A5EBB5-7D41-4F33-9637-1FE2D64C853E}.Debug|x64.Build.0 = Debug|Any CPU
		{D7A5EBB5-7D41-4F33-9637-1FE2D64C853E}.Debug|x86.ActiveCfg = Debug|Any CPU
		{D7A5EBB5-7D41-4F33-9637-1FE2D64C853E}.Debug|x86.Build.0 = Debug|Any CPU
		{D7A5EBB5-7D41-4F33-9637-1FE2D64C853E}.Release|Any CPU.ActiveCfg = Release|Any CPU
		{D7A5EBB5-7D41-4F33-9637-1FE2D64C853E}.Release|Any CPU.Build.0 = Release|Any CPU
		{D7A5EBB5-7D41-4F33-9637-1FE2D64C853E}.Release|x64.ActiveCfg = Release|Any CPU
		{D7A5EBB5-7D41-4F33-9637-1FE2D64C853E}.Release|x64.Build.0 = Release|Any CPU
		{D7A5EBB5-7D41-4F33-9637-1FE2D64C853E}.Release|x86.ActiveCfg = Release|Any CPU
		{D7A5EBB5-7D41-4F33-9637-1FE2D64C853E}.Release|x86.Build.0 = Release|Any CPU
		{D2B0272A-A1F9-4EA3-B09C-34F89D63E070}.Debug|Any CPU.ActiveCfg = Debug|Any CPU
		{D2B0272A-A1F9-4EA3-B09C-34F89D63E070}.Debug|Any CPU.Build.0 = Debug|Any CPU
		{D2B0272A-A1F9-4EA3-B09C-34F89D63E070}.Debug|x64.ActiveCfg = Debug|Any CPU
		{D2B0272A-A1F9-4EA3-B09C-34F89D63E070}.Debug|x64.Build.0 = Debug|Any CPU
		{D2B0272A-A1F9-4EA3-B09C-34F89D63E070}.Debug|x86.ActiveCfg = Debug|Any CPU
		{D2B0272A-A1F9-4EA3-B09C-34F89D63E070}.Debug|x86.Build.0 = Debug|Any CPU
		{D2B0272A-A1F9-4EA3-B09C-34F89D63E070}.Release|Any CPU.ActiveCfg = Release|Any CPU
		{D2B0272A-A1F9-4EA3-B09C-34F89D63E070}.Release|Any CPU.Build.0 = Release|Any CPU
		{D2B0272A-A1F9-4EA3-B09C-34F89D63E070}.Release|x64.ActiveCfg = Release|Any CPU
		{D2B0272A-A1F9-4EA3-B09C-34F89D63E070}.Release|x64.Build.0 = Release|Any CPU
		{D2B0272A-A1F9-4EA3-B09C-34F89D63E070}.Release|x86.ActiveCfg = Release|Any CPU
		{D2B0272A-A1F9-4EA3-B09C-34F89D63E070}.Release|x86.Build.0 = Release|Any CPU
		{7889ADFF-9A21-47AB-977F-D18ECC3DA292}.Debug|Any CPU.ActiveCfg = Debug|Any CPU
		{7889ADFF-9A21-47AB-977F-D18ECC3DA292}.Debug|Any CPU.Build.0 = Debug|Any CPU
		{7889ADFF-9A21-47AB-977F-D18ECC3DA292}.Debug|x64.ActiveCfg = Debug|Any CPU
		{7889ADFF-9A21-47AB-977F-D18ECC3DA292}.Debug|x64.Build.0 = Debug|Any CPU
		{7889ADFF-9A21-47AB-977F-D18ECC3DA292}.Debug|x86.ActiveCfg = Debug|Any CPU
		{7889ADFF-9A21-47AB-977F-D18ECC3DA292}.Debug|x86.Build.0 = Debug|Any CPU
		{7889ADFF-9A21-47AB-977F-D18ECC3DA292}.Release|Any CPU.ActiveCfg = Release|Any CPU
		{7889ADFF-9A21-47AB-977F-D18ECC3DA292}.Release|Any CPU.Build.0 = Release|Any CPU
		{7889ADFF-9A21-47AB-977F-D18ECC3DA292}.Release|x64.ActiveCfg = Release|Any CPU
		{7889ADFF-9A21-47AB-977F-D18ECC3DA292}.Release|x64.Build.0 = Release|Any CPU
		{7889ADFF-9A21-47AB-977F-D18ECC3DA292}.Release|x86.ActiveCfg = Release|Any CPU
		{7889ADFF-9A21-47AB-977F-D18ECC3DA292}.Release|x86.Build.0 = Release|Any CPU
		{6B8FE448-2F0F-468D-B51B-BCA122DE248B}.Debug|Any CPU.ActiveCfg = Debug|Any CPU
		{6B8FE448-2F0F-468D-B51B-BCA122DE248B}.Debug|Any CPU.Build.0 = Debug|Any CPU
		{6B8FE448-2F0F-468D-B51B-BCA122DE248B}.Debug|x64.ActiveCfg = Debug|Any CPU
		{6B8FE448-2F0F-468D-B51B-BCA122DE248B}.Debug|x64.Build.0 = Debug|Any CPU
		{6B8FE448-2F0F-468D-B51B-BCA122DE248B}.Debug|x86.ActiveCfg = Debug|Any CPU
		{6B8FE448-2F0F-468D-B51B-BCA122DE248B}.Debug|x86.Build.0 = Debug|Any CPU
		{6B8FE448-2F0F-468D-B51B-BCA122DE248B}.Release|Any CPU.ActiveCfg = Release|Any CPU
		{6B8FE448-2F0F-468D-B51B-BCA122DE248B}.Release|Any CPU.Build.0 = Release|Any CPU
		{6B8FE448-2F0F-468D-B51B-BCA122DE248B}.Release|x64.ActiveCfg = Release|Any CPU
		{6B8FE448-2F0F-468D-B51B-BCA122DE248B}.Release|x64.Build.0 = Release|Any CPU
		{6B8FE448-2F0F-468D-B51B-BCA122DE248B}.Release|x86.ActiveCfg = Release|Any CPU
		{6B8FE448-2F0F-468D-B51B-BCA122DE248B}.Release|x86.Build.0 = Release|Any CPU
		{8A55AF27-0641-4F44-A4DF-4D63751A8A3D}.Debug|Any CPU.ActiveCfg = Debug|Any CPU
		{8A55AF27-0641-4F44-A4DF-4D63751A8A3D}.Debug|Any CPU.Build.0 = Debug|Any CPU
		{8A55AF27-0641-4F44-A4DF-4D63751A8A3D}.Debug|x64.ActiveCfg = Debug|Any CPU
		{8A55AF27-0641-4F44-A4DF-4D63751A8A3D}.Debug|x64.Build.0 = Debug|Any CPU
		{8A55AF27-0641-4F44-A4DF-4D63751A8A3D}.Debug|x86.ActiveCfg = Debug|Any CPU
		{8A55AF27-0641-4F44-A4DF-4D63751A8A3D}.Debug|x86.Build.0 = Debug|Any CPU
		{8A55AF27-0641-4F44-A4DF-4D63751A8A3D}.Release|Any CPU.ActiveCfg = Release|Any CPU
		{8A55AF27-0641-4F44-A4DF-4D63751A8A3D}.Release|Any CPU.Build.0 = Release|Any CPU
		{8A55AF27-0641-4F44-A4DF-4D63751A8A3D}.Release|x64.ActiveCfg = Release|Any CPU
		{8A55AF27-0641-4F44-A4DF-4D63751A8A3D}.Release|x64.Build.0 = Release|Any CPU
		{8A55AF27-0641-4F44-A4DF-4D63751A8A3D}.Release|x86.ActiveCfg = Release|Any CPU
		{8A55AF27-0641-4F44-A4DF-4D63751A8A3D}.Release|x86.Build.0 = Release|Any CPU
		{7D8F8B57-EB7E-46BA-996F-93177EFD37E5}.Debug|Any CPU.ActiveCfg = Debug|Any CPU
		{7D8F8B57-EB7E-46BA-996F-93177EFD37E5}.Debug|Any CPU.Build.0 = Debug|Any CPU
		{7D8F8B57-EB7E-46BA-996F-93177EFD37E5}.Debug|x64.ActiveCfg = Debug|Any CPU
		{7D8F8B57-EB7E-46BA-996F-93177EFD37E5}.Debug|x64.Build.0 = Debug|Any CPU
		{7D8F8B57-EB7E-46BA-996F-93177EFD37E5}.Debug|x86.ActiveCfg = Debug|Any CPU
		{7D8F8B57-EB7E-46BA-996F-93177EFD37E5}.Debug|x86.Build.0 = Debug|Any CPU
		{7D8F8B57-EB7E-46BA-996F-93177EFD37E5}.Release|Any CPU.ActiveCfg = Release|Any CPU
		{7D8F8B57-EB7E-46BA-996F-93177EFD37E5}.Release|Any CPU.Build.0 = Release|Any CPU
		{7D8F8B57-EB7E-46BA-996F-93177EFD37E5}.Release|x64.ActiveCfg = Release|Any CPU
		{7D8F8B57-EB7E-46BA-996F-93177EFD37E5}.Release|x64.Build.0 = Release|Any CPU
		{7D8F8B57-EB7E-46BA-996F-93177EFD37E5}.Release|x86.ActiveCfg = Release|Any CPU
		{7D8F8B57-EB7E-46BA-996F-93177EFD37E5}.Release|x86.Build.0 = Release|Any CPU
		{BFAD5AED-E915-4B1F-8927-0C31995FB6D8}.Debug|Any CPU.ActiveCfg = Debug|Any CPU
		{BFAD5AED-E915-4B1F-8927-0C31995FB6D8}.Debug|Any CPU.Build.0 = Debug|Any CPU
		{BFAD5AED-E915-4B1F-8927-0C31995FB6D8}.Debug|x64.ActiveCfg = Debug|Any CPU
		{BFAD5AED-E915-4B1F-8927-0C31995FB6D8}.Debug|x64.Build.0 = Debug|Any CPU
		{BFAD5AED-E915-4B1F-8927-0C31995FB6D8}.Debug|x86.ActiveCfg = Debug|Any CPU
		{BFAD5AED-E915-4B1F-8927-0C31995FB6D8}.Debug|x86.Build.0 = Debug|Any CPU
		{BFAD5AED-E915-4B1F-8927-0C31995FB6D8}.Release|Any CPU.ActiveCfg = Release|Any CPU
		{BFAD5AED-E915-4B1F-8927-0C31995FB6D8}.Release|Any CPU.Build.0 = Release|Any CPU
		{BFAD5AED-E915-4B1F-8927-0C31995FB6D8}.Release|x64.ActiveCfg = Release|Any CPU
		{BFAD5AED-E915-4B1F-8927-0C31995FB6D8}.Release|x64.Build.0 = Release|Any CPU
		{BFAD5AED-E915-4B1F-8927-0C31995FB6D8}.Release|x86.ActiveCfg = Release|Any CPU
		{BFAD5AED-E915-4B1F-8927-0C31995FB6D8}.Release|x86.Build.0 = Release|Any CPU
		{D6DA1BB5-11A7-4E1C-8F00-F2E75B0B6679}.Debug|Any CPU.ActiveCfg = Debug|Any CPU
		{D6DA1BB5-11A7-4E1C-8F00-F2E75B0B6679}.Debug|Any CPU.Build.0 = Debug|Any CPU
		{D6DA1BB5-11A7-4E1C-8F00-F2E75B0B6679}.Debug|x64.ActiveCfg = Debug|Any CPU
		{D6DA1BB5-11A7-4E1C-8F00-F2E75B0B6679}.Debug|x64.Build.0 = Debug|Any CPU
		{D6DA1BB5-11A7-4E1C-8F00-F2E75B0B6679}.Debug|x86.ActiveCfg = Debug|Any CPU
		{D6DA1BB5-11A7-4E1C-8F00-F2E75B0B6679}.Debug|x86.Build.0 = Debug|Any CPU
		{D6DA1BB5-11A7-4E1C-8F00-F2E75B0B6679}.Release|Any CPU.ActiveCfg = Release|Any CPU
		{D6DA1BB5-11A7-4E1C-8F00-F2E75B0B6679}.Release|Any CPU.Build.0 = Release|Any CPU
		{D6DA1BB5-11A7-4E1C-8F00-F2E75B0B6679}.Release|x64.ActiveCfg = Release|Any CPU
		{D6DA1BB5-11A7-4E1C-8F00-F2E75B0B6679}.Release|x64.Build.0 = Release|Any CPU
		{D6DA1BB5-11A7-4E1C-8F00-F2E75B0B6679}.Release|x86.ActiveCfg = Release|Any CPU
		{D6DA1BB5-11A7-4E1C-8F00-F2E75B0B6679}.Release|x86.Build.0 = Release|Any CPU
		{00D681FF-EF05-4D7F-A761-3A4AA1457480}.Debug|Any CPU.ActiveCfg = Debug|Any CPU
		{00D681FF-EF05-4D7F-A761-3A4AA1457480}.Debug|Any CPU.Build.0 = Debug|Any CPU
		{00D681FF-EF05-4D7F-A761-3A4AA1457480}.Debug|x64.ActiveCfg = Debug|Any CPU
		{00D681FF-EF05-4D7F-A761-3A4AA1457480}.Debug|x64.Build.0 = Debug|Any CPU
		{00D681FF-EF05-4D7F-A761-3A4AA1457480}.Debug|x86.ActiveCfg = Debug|Any CPU
		{00D681FF-EF05-4D7F-A761-3A4AA1457480}.Debug|x86.Build.0 = Debug|Any CPU
		{00D681FF-EF05-4D7F-A761-3A4AA1457480}.Release|Any CPU.ActiveCfg = Release|Any CPU
		{00D681FF-EF05-4D7F-A761-3A4AA1457480}.Release|Any CPU.Build.0 = Release|Any CPU
		{00D681FF-EF05-4D7F-A761-3A4AA1457480}.Release|x64.ActiveCfg = Release|Any CPU
		{00D681FF-EF05-4D7F-A761-3A4AA1457480}.Release|x64.Build.0 = Release|Any CPU
		{00D681FF-EF05-4D7F-A761-3A4AA1457480}.Release|x86.ActiveCfg = Release|Any CPU
		{00D681FF-EF05-4D7F-A761-3A4AA1457480}.Release|x86.Build.0 = Release|Any CPU
		{8D873721-26D5-48CC-84FD-7EBFF125F978}.Debug|Any CPU.ActiveCfg = Debug|Any CPU
		{8D873721-26D5-48CC-84FD-7EBFF125F978}.Debug|Any CPU.Build.0 = Debug|Any CPU
		{8D873721-26D5-48CC-84FD-7EBFF125F978}.Debug|x64.ActiveCfg = Debug|Any CPU
		{8D873721-26D5-48CC-84FD-7EBFF125F978}.Debug|x64.Build.0 = Debug|Any CPU
		{8D873721-26D5-48CC-84FD-7EBFF125F978}.Debug|x86.ActiveCfg = Debug|Any CPU
		{8D873721-26D5-48CC-84FD-7EBFF125F978}.Debug|x86.Build.0 = Debug|Any CPU
		{8D873721-26D5-48CC-84FD-7EBFF125F978}.Release|Any CPU.ActiveCfg = Release|Any CPU
		{8D873721-26D5-48CC-84FD-7EBFF125F978}.Release|Any CPU.Build.0 = Release|Any CPU
		{8D873721-26D5-48CC-84FD-7EBFF125F978}.Release|x64.ActiveCfg = Release|Any CPU
		{8D873721-26D5-48CC-84FD-7EBFF125F978}.Release|x64.Build.0 = Release|Any CPU
		{8D873721-26D5-48CC-84FD-7EBFF125F978}.Release|x86.ActiveCfg = Release|Any CPU
		{8D873721-26D5-48CC-84FD-7EBFF125F978}.Release|x86.Build.0 = Release|Any CPU
		{C805F3F4-5AD9-49E9-8DB3-61DC1EF7913E}.Debug|Any CPU.ActiveCfg = Debug|Any CPU
		{C805F3F4-5AD9-49E9-8DB3-61DC1EF7913E}.Debug|Any CPU.Build.0 = Debug|Any CPU
		{C805F3F4-5AD9-49E9-8DB3-61DC1EF7913E}.Debug|x64.ActiveCfg = Debug|Any CPU
		{C805F3F4-5AD9-49E9-8DB3-61DC1EF7913E}.Debug|x64.Build.0 = Debug|Any CPU
		{C805F3F4-5AD9-49E9-8DB3-61DC1EF7913E}.Debug|x86.ActiveCfg = Debug|Any CPU
		{C805F3F4-5AD9-49E9-8DB3-61DC1EF7913E}.Debug|x86.Build.0 = Debug|Any CPU
		{C805F3F4-5AD9-49E9-8DB3-61DC1EF7913E}.Release|Any CPU.ActiveCfg = Release|Any CPU
		{C805F3F4-5AD9-49E9-8DB3-61DC1EF7913E}.Release|Any CPU.Build.0 = Release|Any CPU
		{C805F3F4-5AD9-49E9-8DB3-61DC1EF7913E}.Release|x64.ActiveCfg = Release|Any CPU
		{C805F3F4-5AD9-49E9-8DB3-61DC1EF7913E}.Release|x64.Build.0 = Release|Any CPU
		{C805F3F4-5AD9-49E9-8DB3-61DC1EF7913E}.Release|x86.ActiveCfg = Release|Any CPU
		{C805F3F4-5AD9-49E9-8DB3-61DC1EF7913E}.Release|x86.Build.0 = Release|Any CPU
		{7D39BF7A-C381-4481-AA3D-25DFE6C25006}.Debug|Any CPU.ActiveCfg = Debug|Any CPU
		{7D39BF7A-C381-4481-AA3D-25DFE6C25006}.Debug|Any CPU.Build.0 = Debug|Any CPU
		{7D39BF7A-C381-4481-AA3D-25DFE6C25006}.Debug|x64.ActiveCfg = Debug|Any CPU
		{7D39BF7A-C381-4481-AA3D-25DFE6C25006}.Debug|x64.Build.0 = Debug|Any CPU
		{7D39BF7A-C381-4481-AA3D-25DFE6C25006}.Debug|x86.ActiveCfg = Debug|Any CPU
		{7D39BF7A-C381-4481-AA3D-25DFE6C25006}.Debug|x86.Build.0 = Debug|Any CPU
		{7D39BF7A-C381-4481-AA3D-25DFE6C25006}.Release|Any CPU.ActiveCfg = Release|Any CPU
		{7D39BF7A-C381-4481-AA3D-25DFE6C25006}.Release|Any CPU.Build.0 = Release|Any CPU
		{7D39BF7A-C381-4481-AA3D-25DFE6C25006}.Release|x64.ActiveCfg = Release|Any CPU
		{7D39BF7A-C381-4481-AA3D-25DFE6C25006}.Release|x64.Build.0 = Release|Any CPU
		{7D39BF7A-C381-4481-AA3D-25DFE6C25006}.Release|x86.ActiveCfg = Release|Any CPU
		{7D39BF7A-C381-4481-AA3D-25DFE6C25006}.Release|x86.Build.0 = Release|Any CPU
		{344D119A-23B4-4006-A061-0195C2AA7532}.Debug|Any CPU.ActiveCfg = Debug|Any CPU
		{344D119A-23B4-4006-A061-0195C2AA7532}.Debug|Any CPU.Build.0 = Debug|Any CPU
		{344D119A-23B4-4006-A061-0195C2AA7532}.Debug|x64.ActiveCfg = Debug|Any CPU
		{344D119A-23B4-4006-A061-0195C2AA7532}.Debug|x64.Build.0 = Debug|Any CPU
		{344D119A-23B4-4006-A061-0195C2AA7532}.Debug|x86.ActiveCfg = Debug|Any CPU
		{344D119A-23B4-4006-A061-0195C2AA7532}.Debug|x86.Build.0 = Debug|Any CPU
		{344D119A-23B4-4006-A061-0195C2AA7532}.Release|Any CPU.ActiveCfg = Release|Any CPU
		{344D119A-23B4-4006-A061-0195C2AA7532}.Release|Any CPU.Build.0 = Release|Any CPU
		{344D119A-23B4-4006-A061-0195C2AA7532}.Release|x64.ActiveCfg = Release|Any CPU
		{344D119A-23B4-4006-A061-0195C2AA7532}.Release|x64.Build.0 = Release|Any CPU
		{344D119A-23B4-4006-A061-0195C2AA7532}.Release|x86.ActiveCfg = Release|Any CPU
		{344D119A-23B4-4006-A061-0195C2AA7532}.Release|x86.Build.0 = Release|Any CPU
		{42D637BC-96D3-47C7-864C-D151F91D956D}.Debug|Any CPU.ActiveCfg = Debug|Any CPU
		{42D637BC-96D3-47C7-864C-D151F91D956D}.Debug|Any CPU.Build.0 = Debug|Any CPU
		{42D637BC-96D3-47C7-864C-D151F91D956D}.Debug|x64.ActiveCfg = Debug|Any CPU
		{42D637BC-96D3-47C7-864C-D151F91D956D}.Debug|x64.Build.0 = Debug|Any CPU
		{42D637BC-96D3-47C7-864C-D151F91D956D}.Debug|x86.ActiveCfg = Debug|Any CPU
		{42D637BC-96D3-47C7-864C-D151F91D956D}.Debug|x86.Build.0 = Debug|Any CPU
		{42D637BC-96D3-47C7-864C-D151F91D956D}.Release|Any CPU.ActiveCfg = Release|Any CPU
		{42D637BC-96D3-47C7-864C-D151F91D956D}.Release|Any CPU.Build.0 = Release|Any CPU
		{42D637BC-96D3-47C7-864C-D151F91D956D}.Release|x64.ActiveCfg = Release|Any CPU
		{42D637BC-96D3-47C7-864C-D151F91D956D}.Release|x64.Build.0 = Release|Any CPU
		{42D637BC-96D3-47C7-864C-D151F91D956D}.Release|x86.ActiveCfg = Release|Any CPU
		{42D637BC-96D3-47C7-864C-D151F91D956D}.Release|x86.Build.0 = Release|Any CPU
		{59F12E38-0E51-4501-8E33-1E0B1EAD5E36}.Debug|Any CPU.ActiveCfg = Debug|Any CPU
		{59F12E38-0E51-4501-8E33-1E0B1EAD5E36}.Debug|Any CPU.Build.0 = Debug|Any CPU
		{59F12E38-0E51-4501-8E33-1E0B1EAD5E36}.Debug|x64.ActiveCfg = Debug|Any CPU
		{59F12E38-0E51-4501-8E33-1E0B1EAD5E36}.Debug|x64.Build.0 = Debug|Any CPU
		{59F12E38-0E51-4501-8E33-1E0B1EAD5E36}.Debug|x86.ActiveCfg = Debug|Any CPU
		{59F12E38-0E51-4501-8E33-1E0B1EAD5E36}.Debug|x86.Build.0 = Debug|Any CPU
		{59F12E38-0E51-4501-8E33-1E0B1EAD5E36}.Release|Any CPU.ActiveCfg = Release|Any CPU
		{59F12E38-0E51-4501-8E33-1E0B1EAD5E36}.Release|Any CPU.Build.0 = Release|Any CPU
		{59F12E38-0E51-4501-8E33-1E0B1EAD5E36}.Release|x64.ActiveCfg = Release|Any CPU
		{59F12E38-0E51-4501-8E33-1E0B1EAD5E36}.Release|x64.Build.0 = Release|Any CPU
		{59F12E38-0E51-4501-8E33-1E0B1EAD5E36}.Release|x86.ActiveCfg = Release|Any CPU
		{59F12E38-0E51-4501-8E33-1E0B1EAD5E36}.Release|x86.Build.0 = Release|Any CPU
		{490504C0-A1A8-4560-AD63-E611134ED7FA}.Debug|Any CPU.ActiveCfg = Debug|Any CPU
		{490504C0-A1A8-4560-AD63-E611134ED7FA}.Debug|Any CPU.Build.0 = Debug|Any CPU
		{490504C0-A1A8-4560-AD63-E611134ED7FA}.Debug|x64.ActiveCfg = Debug|Any CPU
		{490504C0-A1A8-4560-AD63-E611134ED7FA}.Debug|x64.Build.0 = Debug|Any CPU
		{490504C0-A1A8-4560-AD63-E611134ED7FA}.Debug|x86.ActiveCfg = Debug|Any CPU
		{490504C0-A1A8-4560-AD63-E611134ED7FA}.Debug|x86.Build.0 = Debug|Any CPU
		{490504C0-A1A8-4560-AD63-E611134ED7FA}.Release|Any CPU.ActiveCfg = Release|Any CPU
		{490504C0-A1A8-4560-AD63-E611134ED7FA}.Release|Any CPU.Build.0 = Release|Any CPU
		{490504C0-A1A8-4560-AD63-E611134ED7FA}.Release|x64.ActiveCfg = Release|Any CPU
		{490504C0-A1A8-4560-AD63-E611134ED7FA}.Release|x64.Build.0 = Release|Any CPU
		{490504C0-A1A8-4560-AD63-E611134ED7FA}.Release|x86.ActiveCfg = Release|Any CPU
		{490504C0-A1A8-4560-AD63-E611134ED7FA}.Release|x86.Build.0 = Release|Any CPU
		{8B37CAF6-6EFD-47C0-A029-90B955563873}.Debug|Any CPU.ActiveCfg = Debug|Any CPU
		{8B37CAF6-6EFD-47C0-A029-90B955563873}.Debug|Any CPU.Build.0 = Debug|Any CPU
		{8B37CAF6-6EFD-47C0-A029-90B955563873}.Debug|x64.ActiveCfg = Debug|Any CPU
		{8B37CAF6-6EFD-47C0-A029-90B955563873}.Debug|x64.Build.0 = Debug|Any CPU
		{8B37CAF6-6EFD-47C0-A029-90B955563873}.Debug|x86.ActiveCfg = Debug|Any CPU
		{8B37CAF6-6EFD-47C0-A029-90B955563873}.Debug|x86.Build.0 = Debug|Any CPU
		{8B37CAF6-6EFD-47C0-A029-90B955563873}.Release|Any CPU.ActiveCfg = Release|Any CPU
		{8B37CAF6-6EFD-47C0-A029-90B955563873}.Release|Any CPU.Build.0 = Release|Any CPU
		{8B37CAF6-6EFD-47C0-A029-90B955563873}.Release|x64.ActiveCfg = Release|Any CPU
		{8B37CAF6-6EFD-47C0-A029-90B955563873}.Release|x64.Build.0 = Release|Any CPU
		{8B37CAF6-6EFD-47C0-A029-90B955563873}.Release|x86.ActiveCfg = Release|Any CPU
		{8B37CAF6-6EFD-47C0-A029-90B955563873}.Release|x86.Build.0 = Release|Any CPU
		{2E83C593-51C6-4154-99D5-E6E6894D5BD6}.Debug|Any CPU.ActiveCfg = Debug|Any CPU
		{2E83C593-51C6-4154-99D5-E6E6894D5BD6}.Debug|Any CPU.Build.0 = Debug|Any CPU
		{2E83C593-51C6-4154-99D5-E6E6894D5BD6}.Debug|x64.ActiveCfg = Debug|Any CPU
		{2E83C593-51C6-4154-99D5-E6E6894D5BD6}.Debug|x64.Build.0 = Debug|Any CPU
		{2E83C593-51C6-4154-99D5-E6E6894D5BD6}.Debug|x86.ActiveCfg = Debug|Any CPU
		{2E83C593-51C6-4154-99D5-E6E6894D5BD6}.Debug|x86.Build.0 = Debug|Any CPU
		{2E83C593-51C6-4154-99D5-E6E6894D5BD6}.Release|Any CPU.ActiveCfg = Release|Any CPU
		{2E83C593-51C6-4154-99D5-E6E6894D5BD6}.Release|Any CPU.Build.0 = Release|Any CPU
		{2E83C593-51C6-4154-99D5-E6E6894D5BD6}.Release|x64.ActiveCfg = Release|Any CPU
		{2E83C593-51C6-4154-99D5-E6E6894D5BD6}.Release|x64.Build.0 = Release|Any CPU
		{2E83C593-51C6-4154-99D5-E6E6894D5BD6}.Release|x86.ActiveCfg = Release|Any CPU
		{2E83C593-51C6-4154-99D5-E6E6894D5BD6}.Release|x86.Build.0 = Release|Any CPU
		{77FAE3EA-369B-4EC8-AC55-14AE08F9383D}.Debug|Any CPU.ActiveCfg = Debug|Any CPU
		{77FAE3EA-369B-4EC8-AC55-14AE08F9383D}.Debug|Any CPU.Build.0 = Debug|Any CPU
		{77FAE3EA-369B-4EC8-AC55-14AE08F9383D}.Debug|x64.ActiveCfg = Debug|Any CPU
		{77FAE3EA-369B-4EC8-AC55-14AE08F9383D}.Debug|x64.Build.0 = Debug|Any CPU
		{77FAE3EA-369B-4EC8-AC55-14AE08F9383D}.Debug|x86.ActiveCfg = Debug|Any CPU
		{77FAE3EA-369B-4EC8-AC55-14AE08F9383D}.Debug|x86.Build.0 = Debug|Any CPU
		{77FAE3EA-369B-4EC8-AC55-14AE08F9383D}.Release|Any CPU.ActiveCfg = Release|Any CPU
		{77FAE3EA-369B-4EC8-AC55-14AE08F9383D}.Release|Any CPU.Build.0 = Release|Any CPU
		{77FAE3EA-369B-4EC8-AC55-14AE08F9383D}.Release|x64.ActiveCfg = Release|Any CPU
		{77FAE3EA-369B-4EC8-AC55-14AE08F9383D}.Release|x64.Build.0 = Release|Any CPU
		{77FAE3EA-369B-4EC8-AC55-14AE08F9383D}.Release|x86.ActiveCfg = Release|Any CPU
		{77FAE3EA-369B-4EC8-AC55-14AE08F9383D}.Release|x86.Build.0 = Release|Any CPU
		{B6FE132F-3B63-4DF0-919A-DEE38D2EDA1E}.Debug|Any CPU.ActiveCfg = Debug|Any CPU
		{B6FE132F-3B63-4DF0-919A-DEE38D2EDA1E}.Debug|Any CPU.Build.0 = Debug|Any CPU
		{B6FE132F-3B63-4DF0-919A-DEE38D2EDA1E}.Debug|x64.ActiveCfg = Debug|Any CPU
		{B6FE132F-3B63-4DF0-919A-DEE38D2EDA1E}.Debug|x64.Build.0 = Debug|Any CPU
		{B6FE132F-3B63-4DF0-919A-DEE38D2EDA1E}.Debug|x86.ActiveCfg = Debug|Any CPU
		{B6FE132F-3B63-4DF0-919A-DEE38D2EDA1E}.Debug|x86.Build.0 = Debug|Any CPU
		{B6FE132F-3B63-4DF0-919A-DEE38D2EDA1E}.Release|Any CPU.ActiveCfg = Release|Any CPU
		{B6FE132F-3B63-4DF0-919A-DEE38D2EDA1E}.Release|Any CPU.Build.0 = Release|Any CPU
		{B6FE132F-3B63-4DF0-919A-DEE38D2EDA1E}.Release|x64.ActiveCfg = Release|Any CPU
		{B6FE132F-3B63-4DF0-919A-DEE38D2EDA1E}.Release|x64.Build.0 = Release|Any CPU
		{B6FE132F-3B63-4DF0-919A-DEE38D2EDA1E}.Release|x86.ActiveCfg = Release|Any CPU
		{B6FE132F-3B63-4DF0-919A-DEE38D2EDA1E}.Release|x86.Build.0 = Release|Any CPU
	EndGlobalSection
	GlobalSection(SolutionProperties) = preSolution
		HideSolutionNode = FALSE
	EndGlobalSection
EndGlobal
